{
  "nodes": {
    "colorizeecho-main": {
      "inputs": {
        "flakeNimbleLib": [
          "flakeNimbleLib"
        ],
        "nixpkgs": [
          "nixpkgs"
        ],
        "src-colorizeEcho-main": "src-colorizeEcho-main"
      },
      "locked": {
        "dir": "main",
        "lastModified": 1667322208,
        "narHash": "sha256-t8UpzX85xuO7EorhTxKWUmWefdK1Qvm/mRbNibjvA7U=",
        "owner": "nim-nix-pkgs",
        "repo": "colorizeecho",
        "rev": "e571d8eef1d28c502e90992011b95d7791dbcfc1",
        "type": "github"
      },
      "original": {
        "dir": "main",
        "owner": "nim-nix-pkgs",
        "ref": "master",
        "repo": "colorizeecho",
        "type": "github"
      }
    },
    "flakeNimbleLib": {
      "inputs": {
        "nixpkgs": [
          "nixpkgs"
        ]
      },
      "locked": {
        "lastModified": 1662018438,
        "narHash": "sha256-QtNtU6+LX3Wokxf0zlFwKTFOcn6TeDjKQZ+DA9OYtvM=",
        "owner": "riinr",
        "repo": "nim-flakes-lib",
        "rev": "b1fe8340736e3a85d25c709ac3dfd82a55c03cbf",
        "type": "github"
      },
      "original": {
        "owner": "riinr",
        "ref": "master",
        "repo": "nim-flakes-lib",
        "type": "github"
      }
    },
    "nixpkgs": {
      "locked": {
        "lastModified": 1667199707,
        "narHash": "sha256-I2Js3Y7gUyVSEXPULHlBoRek4Lh85vnevdS6mdvDNLI=",
        "owner": "NixOS",
        "repo": "nixpkgs",
        "rev": "ced197be72099edcfa68ebed8b87af7b04851f45",
        "type": "github"
      },
      "original": {
        "id": "nixpkgs",
        "type": "indirect"
      }
    },
    "root": {
      "inputs": {
        "colorizeecho-main": "colorizeecho-main",
        "flakeNimbleLib": "flakeNimbleLib",
        "nixpkgs": "nixpkgs"
      }
    },
    "src-colorizeEcho-main": {
      "flake": false,
      "locked": {
        "lastModified": 1658122776,
        "narHash": "sha256-QBXm3Ow/VtSkNhHgG/sJRHAfLVaH1+CG04ZaAlkwb+Y=",
        "owner": "s3pt3mb3r",
        "repo": "colorizeEcho",
        "rev": "5c565be8d6e8a1b1e3d07b521c5de76e4f933f47",
        "type": "github"
      },
      "original": {
        "owner": "s3pt3mb3r",
        "ref": "refs/heads/main",
        "repo": "colorizeEcho",
        "type": "github"
      }
    }
  },
  "root": "root",
  "version": 7
}
